// !$*UTF8*$!
{
	archiveVersion = 1;
	classes = {
	};
	objectVersion = 77;
	objects = {

/* Begin PBXContainerItemProxy section */
		7AC63BEA2DD1BF3300ED00E6 /* PBXContainerItemProxy */ = {
			isa = PBXContainerItemProxy;
			containerPortal = 7AC63BD12DD1BF3200ED00E6 /* Project object */;
			proxyType = 1;
			remoteGlobalIDString = 7AC63BD82DD1BF3200ED00E6;
			remoteInfo = "calc ai";
		};
		7AC63BF42DD1BF3300ED00E6 /* PBXContainerItemProxy */ = {
			isa = PBXContainerItemProxy;
			containerPortal = 7AC63BD12DD1BF3200ED00E6 /* Project object */;
			proxyType = 1;
			remoteGlobalIDString = 7AC63BD82DD1BF3200ED00E6;
			remoteInfo = "calc ai";
		};
/* End PBXContainerItemProxy section */

/* Begin PBXFileReference section */
		7AC63BD92DD1BF3200ED00E6 /* calc ai.app */ = {isa = PBXFileReference; explicitFileType = wrapper.application; includeInIndex = 0; path = "calc ai.app"; sourceTree = BUILT_PRODUCTS_DIR; };
		7AC63BE92DD1BF3300ED00E6 /* calc aiTests.xctest */ = {isa = PBXFileReference; explicitFileType = wrapper.cfbundle; includeInIndex = 0; path = "calc aiTests.xctest"; sourceTree = BUILT_PRODUCTS_DIR; };
		7AC63BF32DD1BF3300ED00E6 /* calc aiUITests.xctest */ = {isa = PBXFileReference; explicitFileType = wrapper.cfbundle; includeInIndex = 0; path = "calc aiUITests.xctest"; sourceTree = BUILT_PRODUCTS_DIR; };
/* End PBXFileReference section */

/* Begin PBXFileSystemSynchronizedRootGroup section */
		7AC63BDB2DD1BF3200ED00E6 /* calc ai */ = {
			isa = PBXFileSystemSynchronizedRootGroup;
			path = "calc ai";
			sourceTree = "<group>";
		};
		7AC63BEC2DD1BF3300ED00E6 /* calc aiTests */ = {
			isa = PBXFileSystemSynchronizedRootGroup;
			path = "calc aiTests";
			sourceTree = "<group>";
		};
		7AC63BF62DD1BF3300ED00E6 /* calc aiUITests */ = {
			isa = PBXFileSystemSynchronizedRootGroup;
			path = "calc aiUITests";
			sourceTree = "<group>";
		};
/* End PBXFileSystemSynchronizedRootGroup section */

/* Begin PBXFrameworksBuildPhase section */
		7AC63BD62DD1BF3200ED00E6 /* Frameworks */ = {
			isa = PBXFrameworksBuildPhase;
			buildActionMask = 2147483647;
			files = (
			);
			runOnlyForDeploymentPostprocessing = 0;
		};
		7AC63BE62DD1BF3300ED00E6 /* Frameworks */ = {
			isa = PBXFrameworksBuildPhase;
			buildActionMask = 2147483647;
			files = (
			);
			runOnlyForDeploymentPostprocessing = 0;
		};
		7AC63BF02DD1BF3300ED00E6 /* Frameworks */ = {
			isa = PBXFrameworksBuildPhase;
			buildActionMask = 2147483647;
			files = (
			);
			runOnlyForDeploymentPostprocessing = 0;
		};
/* End PBXFrameworksBuildPhase section */

/* Begin PBXGroup section */
		7AC63BD02DD1BF3200ED00E6 = {
			isa = PBXGroup;
			children = (
				7AC63BDB2DD1BF3200ED00E6 /* calc ai */,
				7AC63BEC2DD1BF3300ED00E6 /* calc aiTests */,
				7AC63BF62DD1BF3300ED00E6 /* calc aiUITests */,
				7AC63BDA2DD1BF3200ED00E6 /* Products */,
			);
			sourceTree = "<group>";
		};
		7AC63BDA2DD1BF3200ED00E6 /* Products */ = {
			isa = PBXGroup;
			children = (
				7AC63BD92DD1BF3200ED00E6 /* calc ai.app */,
				7AC63BE92DD1BF3300ED00E6 /* calc aiTests.xctest */,
				7AC63BF32DD1BF3300ED00E6 /* calc aiUITests.xctest */,
			);
			name = Products;
			sourceTree = "<group>";
		};
/* End PBXGroup section */

/* Begin PBXNativeTarget section */
		7AC63BD82DD1BF3200ED00E6 /* calc ai */ = {
			isa = PBXNativeTarget;
			buildConfigurationList = 7AC63BFD2DD1BF3300ED00E6 /* Build configuration list for PBXNativeTarget "calc ai" */;
			buildPhases = (
				7AC63BD52DD1BF3200ED00E6 /* Sources */,
				7AC63BD62DD1BF3200ED00E6 /* Frameworks */,
				7AC63BD72DD1BF3200ED00E6 /* Resources */,
			);
			buildRules = (
			);
			dependencies = (
			);
			fileSystemSynchronizedGroups = (
				7AC63BDB2DD1BF3200ED00E6 /* calc ai */,
			);
			name = "calc ai";
			packageProductDependencies = (
			);
			productName = "calc ai";
			productReference = 7AC63BD92DD1BF3200ED00E6 /* calc ai.app */;
			productType = "com.apple.product-type.application";
		};
		7AC63BE82DD1BF3300ED00E6 /* calc aiTests */ = {
			isa = PBXNativeTarget;
			buildConfigurationList = 7AC63C002DD1BF3300ED00E6 /* Build configuration list for PBXNativeTarget "calc aiTests" */;
			buildPhases = (
				7AC63BE52DD1BF3300ED00E6 /* Sources */,
				7AC63BE62DD1BF3300ED00E6 /* Frameworks */,
				7AC63BE72DD1BF3300ED00E6 /* Resources */,
			);
			buildRules = (
			);
			dependencies = (
				7AC63BEB2DD1BF3300ED00E6 /* PBXTargetDependency */,
			);
			fileSystemSynchronizedGroups = (
				7AC63BEC2DD1BF3300ED00E6 /* calc aiTests */,
			);
			name = "calc aiTests";
			packageProductDependencies = (
			);
			productName = "calc aiTests";
			productReference = 7AC63BE92DD1BF3300ED00E6 /* calc aiTests.xctest */;
			productType = "com.apple.product-type.bundle.unit-test";
		};
		7AC63BF22DD1BF3300ED00E6 /* calc aiUITests */ = {
			isa = PBXNativeTarget;
			buildConfigurationList = 7AC63C032DD1BF3300ED00E6 /* Build configuration list for PBXNativeTarget "calc aiUITests" */;
			buildPhases = (
				7AC63BEF2DD1BF3300ED00E6 /* Sources */,
				7AC63BF02DD1BF3300ED00E6 /* Frameworks */,
				7AC63BF12DD1BF3300ED00E6 /* Resources */,
			);
			buildRules = (
			);
			dependencies = (
				7AC63BF52DD1BF3300ED00E6 /* PBXTargetDependency */,
			);
			fileSystemSynchronizedGroups = (
				7AC63BF62DD1BF3300ED00E6 /* calc aiUITests */,
			);
			name = "calc aiUITests";
			packageProductDependencies = (
			);
			productName = "calc aiUITests";
			productReference = 7AC63BF32DD1BF3300ED00E6 /* calc aiUITests.xctest */;
			productType = "com.apple.product-type.bundle.ui-testing";
		};
/* End PBXNativeTarget section */

/* Begin PBXProject section */
		7AC63BD12DD1BF3200ED00E6 /* Project object */ = {
			isa = PBXProject;
			attributes = {
				BuildIndependentTargetsInParallel = 1;
				LastSwiftUpdateCheck = 1620;
				LastUpgradeCheck = 1620;
				TargetAttributes = {
					7AC63BD82DD1BF3200ED00E6 = {
						CreatedOnToolsVersion = 16.2;
					};
					7AC63BE82DD1BF3300ED00E6 = {
						CreatedOnToolsVersion = 16.2;
						TestTargetID = 7AC63BD82DD1BF3200ED00E6;
					};
					7AC63BF22DD1BF3300ED00E6 = {
						CreatedOnToolsVersion = 16.2;
						TestTargetID = 7AC63BD82DD1BF3200ED00E6;
					};
				};
			};
			buildConfigurationList = 7AC63BD42DD1BF3200ED00E6 /* Build configuration list for PBXProject "calc ai" */;
			developmentRegion = en;
			hasScannedForEncodings = 0;
			knownRegions = (
				en,
				Base,
			);
			mainGroup = 7AC63BD02DD1BF3200ED00E6;
			minimizedProjectReferenceProxies = 1;
			preferredProjectObjectVersion = 77;
			productRefGroup = 7AC63BDA2DD1BF3200ED00E6 /* Products */;
			projectDirPath = "";
			projectRoot = "";
			targets = (
				7AC63BD82DD1BF3200ED00E6 /* calc ai */,
				7AC63BE82DD1BF3300ED00E6 /* calc aiTests */,
				7AC63BF22DD1BF3300ED00E6 /* calc aiUITests */,
			);
		};
/* End PBXProject section */

/* Begin PBXResourcesBuildPhase section */
		7AC63BD72DD1BF3200ED00E6 /* Resources */ = {
			isa = PBXResourcesBuildPhase;
			buildActionMask = 2147483647;
			files = (
			);
			runOnlyForDeploymentPostprocessing = 0;
		};
		7AC63BE72DD1BF3300ED00E6 /* Resources */ = {
			isa = PBXResourcesBuildPhase;
			buildActionMask = 2147483647;
			files = (
			);
			runOnlyForDeploymentPostprocessing = 0;
		};
		7AC63BF12DD1BF3300ED00E6 /* Resources */ = {
			isa = PBXResourcesBuildPhase;
			buildActionMask = 2147483647;
			files = (
			);
			runOnlyForDeploymentPostprocessing = 0;
		};
/* End PBXResourcesBuildPhase section */

/* Begin PBXSourcesBuildPhase section */
		7AC63BD52DD1BF3200ED00E6 /* Sources */ = {
			isa = PBXSourcesBuildPhase;
			buildActionMask = 2147483647;
			files = (
			);
			runOnlyForDeploymentPostprocessing = 0;
		};
		7AC63BE52DD1BF3300ED00E6 /* Sources */ = {
			isa = PBXSourcesBuildPhase;
			buildActionMask = 2147483647;
			files = (
			);
			runOnlyForDeploymentPostprocessing = 0;
		};
		7AC63BEF2DD1BF3300ED00E6 /* Sources */ = {
			isa = PBXSourcesBuildPhase;
			buildActionMask = 2147483647;
			files = (
			);
			runOnlyForDeploymentPostprocessing = 0;
		};
/* End PBXSourcesBuildPhase section */

/* Begin PBXTargetDependency section */
		7AC63BEB2DD1BF3300ED00E6 /* PBXTargetDependency */ = {
			isa = PBXTargetDependency;
			target = 7AC63BD82DD1BF3200ED00E6 /* calc ai */;
			targetProxy = 7AC63BEA2DD1BF3300ED00E6 /* PBXContainerItemProxy */;
		};
		7AC63BF52DD1BF3300ED00E6 /* PBXTargetDependency */ = {
			isa = PBXTargetDependency;
			target = 7AC63BD82DD1BF3200ED00E6 /* calc ai */;
			targetProxy = 7AC63BF42DD1BF3300ED00E6 /* PBXContainerItemProxy */;
		};
/* End PBXTargetDependency section */

/* Begin XCBuildConfiguration section */
		7AC63BFB2DD1BF3300ED00E6 /* Debug */ = {
			isa = XCBuildConfiguration;
			buildSettings = {
				ALWAYS_SEARCH_USER_PATHS = NO;
				ASSETCATALOG_COMPILER_GENERATE_SWIFT_ASSET_SYMBOL_EXTENSIONS = YES;
				CLANG_ANALYZER_NONNULL = YES;
				CLANG_ANALYZER_NUMBER_OBJECT_CONVERSION = YES_AGGRESSIVE;
				CLANG_CXX_LANGUAGE_STANDARD = "gnu++20";
				CLANG_ENABLE_MODULES = YES;
				CLANG_ENABLE_OBJC_ARC = YES;
				CLANG_ENABLE_OBJC_WEAK = YES;
				CLANG_WARN_BLOCK_CAPTURE_AUTORELEASING = YES;
				CLANG_WARN_BOOL_CONVERSION = YES;
				CLANG_WARN_COMMA = YES;
				CLANG_WARN_CONSTANT_CONVERSION = YES;
				CLANG_WARN_DEPRECATED_OBJC_IMPLEMENTATIONS = YES;
				CLANG_WARN_DIRECT_OBJC_ISA_USAGE = YES_ERROR;
				CLANG_WARN_DOCUMENTATION_COMMENTS = YES;
				CLANG_WARN_EMPTY_BODY = YES;
				CLANG_WARN_ENUM_CONVERSION = YES;
				CLANG_WARN_INFINITE_RECURSION = YES;
				CLANG_WARN_INT_CONVERSION = YES;
				CLANG_WARN_NON_LITERAL_NULL_CONVERSION = YES;
				CLANG_WARN_OBJC_IMPLICIT_RETAIN_SELF = YES;
				CLANG_WARN_OBJC_LITERAL_CONVERSION = YES;
				CLANG_WARN_OBJC_ROOT_CLASS = YES_ERROR;
				CLANG_WARN_QUOTED_INCLUDE_IN_FRAMEWORK_HEADER = YES;
				CLANG_WARN_RANGE_LOOP_ANALYSIS = YES;
				CLANG_WARN_STRICT_PROTOTYPES = YES;
				CLANG_WARN_SUSPICIOUS_MOVE = YES;
				CLANG_WARN_UNGUARDED_AVAILABILITY = YES_AGGRESSIVE;
				CLANG_WARN_UNREACHABLE_CODE = YES;
				CLANG_WARN__DUPLICATE_METHOD_MATCH = YES;
				COPY_PHASE_STRIP = NO;
				DEBUG_INFORMATION_FORMAT = dwarf;
				ENABLE_STRICT_OBJC_MSGSEND = YES;
				ENABLE_TESTABILITY = YES;
				ENABLE_USER_SCRIPT_SANDBOXING = YES;
				GCC_C_LANGUAGE_STANDARD = gnu17;
				GCC_DYNAMIC_NO_PIC = NO;
				GCC_NO_COMMON_BLOCKS = YES;
				GCC_OPTIMIZATION_LEVEL = 0;
				GCC_PREPROCESSOR_DEFINITIONS = (
					"DEBUG=1",
					"$(inherited)",
				);
				GCC_WARN_64_TO_32_BIT_CONVERSION = YES;
				GCC_WARN_ABOUT_RETURN_TYPE = YES_ERROR;
				GCC_WARN_UNDECLARED_SELECTOR = YES;
				GCC_WARN_UNINITIALIZED_AUTOS = YES_AGGRESSIVE;
				GCC_WARN_UNUSED_FUNCTION = YES;
				GCC_WARN_UNUSED_VARIABLE = YES;
				IPHONEOS_DEPLOYMENT_TARGET = 18.2;
				LOCALIZATION_PREFERS_STRING_CATALOGS = YES;
				MTL_ENABLE_DEBUG_INFO = INCLUDE_SOURCE;
				MTL_FAST_MATH = YES;
				ONLY_ACTIVE_ARCH = YES;
				SDKROOT = iphoneos;
				SWIFT_ACTIVE_COMPILATION_CONDITIONS = "DEBUG $(inherited)";
				SWIFT_OPTIMIZATION_LEVEL = "-Onone";
			};
			name = Debug;
		};
		7AC63BFC2DD1BF3300ED00E6 /* Release */ = {
			isa = XCBuildConfiguration;
			buildSettings = {
				ALWAYS_SEARCH_USER_PATHS = NO;
				ASSETCATALOG_COMPILER_GENERATE_SWIFT_ASSET_SYMBOL_EXTENSIONS = YES;
				CLANG_ANALYZER_NONNULL = YES;
				CLANG_ANALYZER_NUMBER_OBJECT_CONVERSION = YES_AGGRESSIVE;
				CLANG_CXX_LANGUAGE_STANDARD = "gnu++20";
				CLANG_ENABLE_MODULES = YES;
				CLANG_ENABLE_OBJC_ARC = YES;
				CLANG_ENABLE_OBJC_WEAK = YES;
				CLANG_WARN_BLOCK_CAPTURE_AUTORELEASING = YES;
				CLANG_WARN_BOOL_CONVERSION = YES;
				CLANG_WARN_COMMA = YES;
				CLANG_WARN_CONSTANT_CONVERSION = YES;
				CLANG_WARN_DEPRECATED_OBJC_IMPLEMENTATIONS = YES;
				CLANG_WARN_DIRECT_OBJC_ISA_USAGE = YES_ERROR;
				CLANG_WARN_DOCUMENTATION_COMMENTS = YES;
				CLANG_WARN_EMPTY_BODY = YES;
				CLANG_WARN_ENUM_CONVERSION = YES;
				CLANG_WARN_INFINITE_RECURSION = YES;
				CLANG_WARN_INT_CONVERSION = YES;
				CLANG_WARN_NON_LITERAL_NULL_CONVERSION = YES;
				CLANG_WARN_OBJC_IMPLICIT_RETAIN_SELF = YES;
				CLANG_WARN_OBJC_LITERAL_CONVERSION = YES;
				CLANG_WARN_OBJC_ROOT_CLASS = YES_ERROR;
				CLANG_WARN_QUOTED_INCLUDE_IN_FRAMEWORK_HEADER = YES;
				CLANG_WARN_RANGE_LOOP_ANALYSIS = YES;
				CLANG_WARN_STRICT_PROTOTYPES = YES;
				CLANG_WARN_SUSPICIOUS_MOVE = YES;
				CLANG_WARN_UNGUARDED_AVAILABILITY = YES_AGGRESSIVE;
				CLANG_WARN_UNREACHABLE_CODE = YES;
				CLANG_WARN__DUPLICATE_METHOD_MATCH = YES;
				COPY_PHASE_STRIP = NO;
				DEBUG_INFORMATION_FORMAT = "dwarf-with-dsym";
				ENABLE_NS_ASSERTIONS = NO;
				ENABLE_STRICT_OBJC_MSGSEND = YES;
				ENABLE_USER_SCRIPT_SANDBOXING = YES;
				GCC_C_LANGUAGE_STANDARD = gnu17;
				GCC_NO_COMMON_BLOCKS = YES;
				GCC_WARN_64_TO_32_BIT_CONVERSION = YES;
				GCC_WARN_ABOUT_RETURN_TYPE = YES_ERROR;
				GCC_WARN_UNDECLARED_SELECTOR = YES;
				GCC_WARN_UNINITIALIZED_AUTOS = YES_AGGRESSIVE;
				GCC_WARN_UNUSED_FUNCTION = YES;
				GCC_WARN_UNUSED_VARIABLE = YES;
				IPHONEOS_DEPLOYMENT_TARGET = 18.2;
				LOCALIZATION_PREFERS_STRING_CATALOGS = YES;
				MTL_ENABLE_DEBUG_INFO = NO;
				MTL_FAST_MATH = YES;
				SDKROOT = iphoneos;
				SWIFT_COMPILATION_MODE = wholemodule;
				VALIDATE_PRODUCT = YES;
			};
			name = Release;
		};
		7AC63BFE2DD1BF3300ED00E6 /* Debug */ = {
			isa = XCBuildConfiguration;
			buildSettings = {
				ASSETCATALOG_COMPILER_APPICON_NAME = AppIcon;
				ASSETCATALOG_COMPILER_GLOBAL_ACCENT_COLOR_NAME = AccentColor;
				CODE_SIGN_STYLE = Automatic;
				CURRENT_PROJECT_VERSION = 1;
				DEVELOPMENT_ASSET_PATHS = "\"calc ai/Preview Content\"";
				ENABLE_PREVIEWS = YES;
				GENERATE_INFOPLIST_FILE = YES;
				INFOPLIST_KEY_NSCameraUsageDescription = "Приложению требуется доступ к камере для создания фотографий";
				INFOPLIST_KEY_NSPhotoLibraryUsageDescription = "Приложению требуется доступ к фотогалерее для отображения последнего снимка";
				INFOPLIST_KEY_UIApplicationSceneManifest_Generation = YES;
				INFOPLIST_KEY_UIApplicationSupportsIndirectInputEvents = YES;
				INFOPLIST_KEY_UILaunchScreen_Generation = YES;
				INFOPLIST_KEY_UISupportedInterfaceOrientations_iPad = "UIInterfaceOrientationPortrait UIInterfaceOrientationPortraitUpsideDown UIInterfaceOrientationLandscapeLeft UIInterfaceOrientationLandscapeRight";
				INFOPLIST_KEY_UISupportedInterfaceOrientations_iPhone = "UIInterfaceOrientationPortrait UIInterfaceOrientationLandscapeLeft UIInterfaceOrientationLandscapeRight";
				LD_RUNPATH_SEARCH_PATHS = (
					"$(inherited)",
					"@executable_path/Frameworks",
				);
				MARKETING_VERSION = 1.0;
				PRODUCT_BUNDLE_IDENTIFIER = "com.yo.calc-ai";
				PRODUCT_NAME = "$(TARGET_NAME)";
				SWIFT_EMIT_LOC_STRINGS = YES;
				SWIFT_VERSION = 5.0;
				TARGETED_DEVICE_FAMILY = "1,2";
			};
			name = Debug;
		};
		7AC63BFF2DD1BF3300ED00E6 /* Release */ = {
			isa = XCBuildConfiguration;
			buildSettings = {
				ASSETCATALOG_COMPILER_APPICON_NAME = AppIcon;
				ASSETCATALOG_COMPILER_GLOBAL_ACCENT_COLOR_NAME = AccentColor;
				CODE_SIGN_STYLE = Automatic;
				CURRENT_PROJECT_VERSION = 1;
				DEVELOPMENT_ASSET_PATHS = "\"calc ai/Preview Content\"";
				DEVELOPMENT_TEAM = VM5KKNMU9T;
				ENABLE_PREVIEWS = YES;
				GENERATE_INFOPLIST_FILE = YES;
				INFOPLIST_KEY_NSCameraUsageDescription = "Приложению требуется доступ к камере для создания фотографий";
				INFOPLIST_KEY_NSPhotoLibraryUsageDescription = "Приложению требуется доступ к фотогалерее для отображения последнего снимка";
				INFOPLIST_KEY_UIApplicationSceneManifest_Generation = YES;
				INFOPLIST_KEY_UIApplicationSupportsIndirectInputEvents = YES;
				INFOPLIST_KEY_UILaunchScreen_Generation = YES;
				INFOPLIST_KEY_UISupportedInterfaceOrientations_iPad = "UIInterfaceOrientationPortrait UIInterfaceOrientationPortraitUpsideDown UIInterfaceOrientationLandscapeLeft UIInterfaceOrientationLandscapeRight";
				INFOPLIST_KEY_UISupportedInterfaceOrientations_iPhone = "UIInterfaceOrientationPortrait UIInterfaceOrientationLandscapeLeft UIInterfaceOrientationLandscapeRight";
				LD_RUNPATH_SEARCH_PATHS = (
					"$(inherited)",
					"@executable_path/Frameworks",
				);
				MARKETING_VERSION = 1.0;
				PRODUCT_BUNDLE_IDENTIFIER = "com.yo.calc-ai";
				PRODUCT_NAME = "$(TARGET_NAME)";
				SWIFT_EMIT_LOC_STRINGS = YES;
				SWIFT_VERSION = 5.0;
				TARGETED_DEVICE_FAMILY = "1,2";
			};
			name = Release;
		};
		7AC63C012DD1BF3300ED00E6 /* Debug */ = {
			isa = XCBuildConfiguration;
			buildSettings = {
				BUNDLE_LOADER = "$(TEST_HOST)";
				CODE_SIGN_STYLE = Automatic;
				CURRENT_PROJECT_VERSION = 1;
				GENERATE_INFOPLIST_FILE = YES;
				IPHONEOS_DEPLOYMENT_TARGET = 18.2;
				MARKETING_VERSION = 1.0;
				PRODUCT_BUNDLE_IDENTIFIER = "com.yo.calc-aiTests";
				PRODUCT_NAME = "$(TARGET_NAME)";
				SWIFT_EMIT_LOC_STRINGS = NO;
				SWIFT_VERSION = 5.0;
				TARGETED_DEVICE_FAMILY = "1,2";
				TEST_HOST = "$(BUILT_PRODUCTS_DIR)/calc ai.app/$(BUNDLE_EXECUTABLE_FOLDER_PATH)/calc ai";
			};
			name = Debug;
		};
		7AC63C022DD1BF3300ED00E6 /* Release */ = {
			isa = XCBuildConfiguration;
			buildSettings = {
				BUNDLE_LOADER = "$(TEST_HOST)";
				CODE_SIGN_STYLE = Automatic;
				CURRENT_PROJECT_VERSION = 1;
				GENERATE_INFOPLIST_FILE = YES;
				IPHONEOS_DEPLOYMENT_TARGET = 18.2;
				MARKETING_VERSION = 1.0;
				PRODUCT_BUNDLE_IDENTIFIER = "com.yo.calc-aiTests";
				PRODUCT_NAME = "$(TARGET_NAME)";
				SWIFT_EMIT_LOC_STRINGS = NO;
				SWIFT_VERSION = 5.0;
				TARGETED_DEVICE_FAMILY = "1,2";
				TEST_HOST = "$(BUILT_PRODUCTS_DIR)/calc ai.app/$(BUNDLE_EXECUTABLE_FOLDER_PATH)/calc ai";
			};
			name = Release;
		};
		7AC63C042DD1BF3300ED00E6 /* Debug */ = {
			isa = XCBuildConfiguration;
			buildSettings = {
				CODE_SIGN_STYLE = Automatic;
				CURRENT_PROJECT_VERSION = 1;
				GENERATE_INFOPLIST_FILE = YES;
				MARKETING_VERSION = 1.0;
				PRODUCT_BUNDLE_IDENTIFIER = "com.yo.calc-aiUITests";
				PRODUCT_NAME = "$(TARGET_NAME)";
				SWIFT_EMIT_LOC_STRINGS = NO;
				SWIFT_VERSION = 5.0;
				TARGETED_DEVICE_FAMILY = "1,2";
				TEST_TARGET_NAME = "calc ai";
			};
			name = Debug;
		};
		7AC63C052DD1BF3300ED00E6 /* Release */ = {
			isa = XCBuildConfiguration;
			buildSettings = {
				CODE_SIGN_STYLE = Automatic;
				CURRENT_PROJECT_VERSION = 1;
				GENERATE_INFOPLIST_FILE = YES;
				MARKETING_VERSION = 1.0;
				PRODUCT_BUNDLE_IDENTIFIER = "com.yo.calc-aiUITests";
				PRODUCT_NAME = "$(TARGET_NAME)";
				SWIFT_EMIT_LOC_STRINGS = NO;
				SWIFT_VERSION = 5.0;
				TARGETED_DEVICE_FAMILY = "1,2";
				TEST_TARGET_NAME = "calc ai";
			};
			name = Release;
		};
/* End XCBuildConfiguration section */

/* Begin XCConfigurationList section */
		7AC63BD42DD1BF3200ED00E6 /* Build configuration list for PBXProject "calc ai" */ = {
			isa = XCConfigurationList;
			buildConfigurations = (
				7AC63BFB2DD1BF3300ED00E6 /* Debug */,
				7AC63BFC2DD1BF3300ED00E6 /* Release */,
			);
			defaultConfigurationIsVisible = 0;
			defaultConfigurationName = Release;
		};
		7AC63BFD2DD1BF3300ED00E6 /* Build configuration list for PBXNativeTarget "calc ai" */ = {
			isa = XCConfigurationList;
			buildConfigurations = (
				7AC63BFE2DD1BF3300ED00E6 /* Debug */,
				7AC63BFF2DD1BF3300ED00E6 /* Release */,
			);
			defaultConfigurationIsVisible = 0;
			defaultConfigurationName = Release;
		};
		7AC63C002DD1BF3300ED00E6 /* Build configuration list for PBXNativeTarget "calc aiTests" */ = {
			isa = XCConfigurationList;
			buildConfigurations = (
				7AC63C012DD1BF3300ED00E6 /* Debug */,
				7AC63C022DD1BF3300ED00E6 /* Release */,
			);
			defaultConfigurationIsVisible = 0;
			defaultConfigurationName = Release;
		};
		7AC63C032DD1BF3300ED00E6 /* Build configuration list for PBXNativeTarget "calc aiUITests" */ = {
			isa = XCConfigurationList;
			buildConfigurations = (
				7AC63C042DD1BF3300ED00E6 /* Debug */,
				7AC63C052DD1BF3300ED00E6 /* Release */,
			);
			defaultConfigurationIsVisible = 0;
			defaultConfigurationName = Release;
		};
/* End XCConfigurationList section */
	};
	rootObject = 7AC63BD12DD1BF3200ED00E6 /* Project object */;
}
